
Microsoft Visual Studio Solution File, Format Version 12.00
# Visual Studio Version 17
VisualStudioVersion = 17.10.35013.160
MinimumVisualStudioVersion = 10.0.40219.1
Project("{FAE04EC0-301F-11D3-BF4B-00C04F79EFBC}") = "Numbers and math", "Numbers and math\Numbers and math.csproj", "{6AF054D0-CE1E-4872-A76D-056F44238177}"
EndProject
Global
	GlobalSection(SolutionConfigurationPlatforms) = preSolution
		Debug|Any CPU = Debug|Any CPU
		Release|Any CPU = Release|Any CPU
	EndGlobalSection
	GlobalSection(ProjectConfigurationPlatforms) = postSolution
		{6AF054D0-CE1E-4872-A76D-056F44238177}.Debug|Any CPU.ActiveCfg = Debug|Any CPU
		{6AF054D0-CE1E-4872-A76D-056F44238177}.Debug|Any CPU.Build.0 = Debug|Any CPU
		{6AF054D0-CE1E-4872-A76D-056F44238177}.Release|Any CPU.ActiveCfg = Release|Any CPU
		{6AF054D0-CE1E-4872-A76D-056F44238177}.Release|Any CPU.Build.0 = Release|Any CPU
	EndGlobalSection
	GlobalSection(SolutionProperties) = preSolution
		HideSolutionNode = FALSE
	EndGlobalSection
	GlobalSection(ExtensibilityGlobals) = postSolution
		SolutionGuid = {CCB88694-24F7-4A6D-90D0-56846BB2D3A1}
	EndGlobalSection
EndGlobal
